
Microsoft Visual Studio Solution File, Format Version 12.00
# Visual Studio Version 17
VisualStudioVersion = 17.0.31903.59
MinimumVisualStudioVersion = 10.0.40219.1
Project("{2150E333-8FDC-42A3-9474-1A3956D46DE8}") = "src", "src", "{827E0CD3-B72D-47B6-A68D-7590B98EB39B}"
EndProject
Project("{FAE04EC0-301F-11D3-BF4B-00C04F79EFBC}") = "HtmlModifier.Api", "src\HtmlModifier.Api\HtmlModifier.Api.csproj", "{42A22CD3-EBF3-467F-9524-07765DBA1BEB}"
EndProject
Project("{FAE04EC0-301F-11D3-BF4B-00C04F79EFBC}") = "HtmlModifier.Application", "src\HtmlModifier.Application\HtmlModifier.Application.csproj", "{24C7D274-6AD8-4819-9AA7-38D11C7E1BB0}"
EndProject
Project("{FAE04EC0-301F-11D3-BF4B-00C04F79EFBC}") = "HtmlModifier.Domain", "src\HtmlModifier.Domain\HtmlModifier.Domain.csproj", "{FFDDA9BC-1026-443D-B165-D3A1F13CDCFC}"
EndProject
Project("{FAE04EC0-301F-11D3-BF4B-00C04F79EFBC}") = "HtmlModifier.Infrastructure", "src\HtmlModifier.Infrastructure\HtmlModifier.Infrastructure.csproj", "{633A6E97-D6C4-4986-AD19-EB1CB305DE47}"
EndProject
Project("{FAE04EC0-301F-11D3-BF4B-00C04F79EFBC}") = "UserProfile.Domain", "src\UserProfile.Domain\UserProfile.Domain.csproj", "{6B90DA61-8354-45AE-8198-39F9B86039E9}"
EndProject
Project("{FAE04EC0-301F-11D3-BF4B-00C04F79EFBC}") = "UserProfile.Application", "src\UserProfile.Application\UserProfile.Application.csproj", "{A7587694-A9EC-48FD-8733-EEDD51051E6F}"
EndProject
Project("{FAE04EC0-301F-11D3-BF4B-00C04F79EFBC}") = "UserProfile.Infrastructure", "src\UserProfile.Infrastructure\UserProfile.Infrastructure.csproj", "{9483A98F-5DF9-4717-A679-00A64486A2DA}"
EndProject
Project("{FAE04EC0-301F-11D3-BF4B-00C04F79EFBC}") = "UserProfile.Api", "src\UserProfile.Api\UserProfile.Api.csproj", "{B5E292A8-E6A0-4E59-BE09-FCECEFB601ED}"
EndProject
Global
	GlobalSection(SolutionConfigurationPlatforms) = preSolution
		Debug|Any CPU = Debug|Any CPU
		Debug|x64 = Debug|x64
		Debug|x86 = Debug|x86
		Release|Any CPU = Release|Any CPU
		Release|x64 = Release|x64
		Release|x86 = Release|x86
	EndGlobalSection
	GlobalSection(ProjectConfigurationPlatforms) = postSolution
		{42A22CD3-EBF3-467F-9524-07765DBA1BEB}.Debug|Any CPU.ActiveCfg = Debug|Any CPU
		{42A22CD3-EBF3-467F-9524-07765DBA1BEB}.Debug|Any CPU.Build.0 = Debug|Any CPU
		{42A22CD3-EBF3-467F-9524-07765DBA1BEB}.Debug|x64.ActiveCfg = Debug|Any CPU
		{42A22CD3-EBF3-467F-9524-07765DBA1BEB}.Debug|x64.Build.0 = Debug|Any CPU
		{42A22CD3-EBF3-467F-9524-07765DBA1BEB}.Debug|x86.ActiveCfg = Debug|Any CPU
		{42A22CD3-EBF3-467F-9524-07765DBA1BEB}.Debug|x86.Build.0 = Debug|Any CPU
		{42A22CD3-EBF3-467F-9524-07765DBA1BEB}.Release|Any CPU.ActiveCfg = Release|Any CPU
		{42A22CD3-EBF3-467F-9524-07765DBA1BEB}.Release|Any CPU.Build.0 = Release|Any CPU
		{42A22CD3-EBF3-467F-9524-07765DBA1BEB}.Release|x64.ActiveCfg = Release|Any CPU
		{42A22CD3-EBF3-467F-9524-07765DBA1BEB}.Release|x64.Build.0 = Release|Any CPU
		{42A22CD3-EBF3-467F-9524-07765DBA1BEB}.Release|x86.ActiveCfg = Release|Any CPU
		{42A22CD3-EBF3-467F-9524-07765DBA1BEB}.Release|x86.Build.0 = Release|Any CPU
		{24C7D274-6AD8-4819-9AA7-38D11C7E1BB0}.Debug|Any CPU.ActiveCfg = Debug|Any CPU
		{24C7D274-6AD8-4819-9AA7-38D11C7E1BB0}.Debug|Any CPU.Build.0 = Debug|Any CPU
		{24C7D274-6AD8-4819-9AA7-38D11C7E1BB0}.Debug|x64.ActiveCfg = Debug|Any CPU
		{24C7D274-6AD8-4819-9AA7-38D11C7E1BB0}.Debug|x64.Build.0 = Debug|Any CPU
		{24C7D274-6AD8-4819-9AA7-38D11C7E1BB0}.Debug|x86.ActiveCfg = Debug|Any CPU
		{24C7D274-6AD8-4819-9AA7-38D11C7E1BB0}.Debug|x86.Build.0 = Debug|Any CPU
		{24C7D274-6AD8-4819-9AA7-38D11C7E1BB0}.Release|Any CPU.ActiveCfg = Release|Any CPU
		{24C7D274-6AD8-4819-9AA7-38D11C7E1BB0}.Release|Any CPU.Build.0 = Release|Any CPU
		{24C7D274-6AD8-4819-9AA7-38D11C7E1BB0}.Release|x64.ActiveCfg = Release|Any CPU
		{24C7D274-6AD8-4819-9AA7-38D11C7E1BB0}.Release|x64.Build.0 = Release|Any CPU
		{24C7D274-6AD8-4819-9AA7-38D11C7E1BB0}.Release|x86.ActiveCfg = Release|Any CPU
		{24C7D274-6AD8-4819-9AA7-38D11C7E1BB0}.Release|x86.Build.0 = Release|Any CPU
		{FFDDA9BC-1026-443D-B165-D3A1F13CDCFC}.Debug|Any CPU.ActiveCfg = Debug|Any CPU
		{FFDDA9BC-1026-443D-B165-D3A1F13CDCFC}.Debug|Any CPU.Build.0 = Debug|Any CPU
		{FFDDA9BC-1026-443D-B165-D3A1F13CDCFC}.Debug|x64.ActiveCfg = Debug|Any CPU
		{FFDDA9BC-1026-443D-B165-D3A1F13CDCFC}.Debug|x64.Build.0 = Debug|Any CPU
		{FFDDA9BC-1026-443D-B165-D3A1F13CDCFC}.Debug|x86.ActiveCfg = Debug|Any CPU
		{FFDDA9BC-1026-443D-B165-D3A1F13CDCFC}.Debug|x86.Build.0 = Debug|Any CPU
		{FFDDA9BC-1026-443D-B165-D3A1F13CDCFC}.Release|Any CPU.ActiveCfg = Release|Any CPU
		{FFDDA9BC-1026-443D-B165-D3A1F13CDCFC}.Release|Any CPU.Build.0 = Release|Any CPU
		{FFDDA9BC-1026-443D-B165-D3A1F13CDCFC}.Release|x64.ActiveCfg = Release|Any CPU
		{FFDDA9BC-1026-443D-B165-D3A1F13CDCFC}.Release|x64.Build.0 = Release|Any CPU
		{FFDDA9BC-1026-443D-B165-D3A1F13CDCFC}.Release|x86.ActiveCfg = Release|Any CPU
		{FFDDA9BC-1026-443D-B165-D3A1F13CDCFC}.Release|x86.Build.0 = Release|Any CPU
		{633A6E97-D6C4-4986-AD19-EB1CB305DE47}.Debug|Any CPU.ActiveCfg = Debug|Any CPU
		{633A6E97-D6C4-4986-AD19-EB1CB305DE47}.Debug|Any CPU.Build.0 = Debug|Any CPU
		{633A6E97-D6C4-4986-AD19-EB1CB305DE47}.Debug|x64.ActiveCfg = Debug|Any CPU
		{633A6E97-D6C4-4986-AD19-EB1CB305DE47}.Debug|x64.Build.0 = Debug|Any CPU
		{633A6E97-D6C4-4986-AD19-EB1CB305DE47}.Debug|x86.ActiveCfg = Debug|Any CPU
		{633A6E97-D6C4-4986-AD19-EB1CB305DE47}.Debug|x86.Build.0 = Debug|Any CPU
		{633A6E97-D6C4-4986-AD19-EB1CB305DE47}.Release|Any CPU.ActiveCfg = Release|Any CPU
		{633A6E97-D6C4-4986-AD19-EB1CB305DE47}.Release|Any CPU.Build.0 = Release|Any CPU
		{633A6E97-D6C4-4986-AD19-EB1CB305DE47}.Release|x64.ActiveCfg = Release|Any CPU
		{633A6E97-D6C4-4986-AD19-EB1CB305DE47}.Release|x64.Build.0 = Release|Any CPU
		{633A6E97-D6C4-4986-AD19-EB1CB305DE47}.Release|x86.ActiveCfg = Release|Any CPU
		{633A6E97-D6C4-4986-AD19-EB1CB305DE47}.Release|x86.Build.0 = Release|Any CPU
		{6B90DA61-8354-45AE-8198-39F9B86039E9}.Debug|Any CPU.ActiveCfg = Debug|Any CPU
		{6B90DA61-8354-45AE-8198-39F9B86039E9}.Debug|Any CPU.Build.0 = Debug|Any CPU
		{6B90DA61-8354-45AE-8198-39F9B86039E9}.Debug|x64.ActiveCfg = Debug|Any CPU
		{6B90DA61-8354-45AE-8198-39F9B86039E9}.Debug|x64.Build.0 = Debug|Any CPU
		{6B90DA61-8354-45AE-8198-39F9B86039E9}.Debug|x86.ActiveCfg = Debug|Any CPU
		{6B90DA61-8354-45AE-8198-39F9B86039E9}.Debug|x86.Build.0 = Debug|Any CPU
		{6B90DA61-8354-45AE-8198-39F9B86039E9}.Release|Any CPU.ActiveCfg = Release|Any CPU
		{6B90DA61-8354-45AE-8198-39F9B86039E9}.Release|Any CPU.Build.0 = Release|Any CPU
		{6B90DA61-8354-45AE-8198-39F9B86039E9}.Release|x64.ActiveCfg = Release|Any CPU
		{6B90DA61-8354-45AE-8198-39F9B86039E9}.Release|x64.Build.0 = Release|Any CPU
		{6B90DA61-8354-45AE-8198-39F9B86039E9}.Release|x86.ActiveCfg = Release|Any CPU
		{6B90DA61-8354-45AE-8198-39F9B86039E9}.Release|x86.Build.0 = Release|Any CPU
		{A7587694-A9EC-48FD-8733-EEDD51051E6F}.Debug|Any CPU.ActiveCfg = Debug|Any CPU
		{A7587694-A9EC-48FD-8733-EEDD51051E6F}.Debug|Any CPU.Build.0 = Debug|Any CPU
		{A7587694-A9EC-48FD-8733-EEDD51051E6F}.Debug|x64.ActiveCfg = Debug|Any CPU
		{A7587694-A9EC-48FD-8733-EEDD51051E6F}.Debug|x64.Build.0 = Debug|Any CPU
		{A7587694-A9EC-48FD-8733-EEDD51051E6F}.Debug|x86.ActiveCfg = Debug|Any CPU
		{A7587694-A9EC-48FD-8733-EEDD51051E6F}.Debug|x86.Build.0 = Debug|Any CPU
		{A7587694-A9EC-48FD-8733-EEDD51051E6F}.Release|Any CPU.ActiveCfg = Release|Any CPU
		{A7587694-A9EC-48FD-8733-EEDD51051E6F}.Release|Any CPU.Build.0 = Release|Any CPU
		{A7587694-A9EC-48FD-8733-EEDD51051E6F}.Release|x64.ActiveCfg = Release|Any CPU
		{A7587694-A9EC-48FD-8733-EEDD51051E6F}.Release|x64.Build.0 = Release|Any CPU
		{A7587694-A9EC-48FD-8733-EEDD51051E6F}.Release|x86.ActiveCfg = Release|Any CPU
		{A7587694-A9EC-48FD-8733-EEDD51051E6F}.Release|x86.Build.0 = Release|Any CPU
		{9483A98F-5DF9-4717-A679-00A64486A2DA}.Debug|Any CPU.ActiveCfg = Debug|Any CPU
		{9483A98F-5DF9-4717-A679-00A64486A2DA}.Debug|Any CPU.Build.0 = Debug|Any CPU
		{9483A98F-5DF9-4717-A679-00A64486A2DA}.Debug|x64.ActiveCfg = Debug|Any CPU
		{9483A98F-5DF9-4717-A679-00A64486A2DA}.Debug|x64.Build.0 = Debug|Any CPU
		{9483A98F-5DF9-4717-A679-00A64486A2DA}.Debug|x86.ActiveCfg = Debug|Any CPU
		{9483A98F-5DF9-4717-A679-00A64486A2DA}.Debug|x86.Build.0 = Debug|Any CPU
		{9483A98F-5DF9-4717-A679-00A64486A2DA}.Release|Any CPU.ActiveCfg = Release|Any CPU
		{9483A98F-5DF9-4717-A679-00A64486A2DA}.Release|Any CPU.Build.0 = Release|Any CPU
		{9483A98F-5DF9-4717-A679-00A64486A2DA}.Release|x64.ActiveCfg = Release|Any CPU
		{9483A98F-5DF9-4717-A679-00A64486A2DA}.Release|x64.Build.0 = Release|Any CPU
		{9483A98F-5DF9-4717-A679-00A64486A2DA}.Release|x86.ActiveCfg = Release|Any CPU
		{9483A98F-5DF9-4717-A679-00A64486A2DA}.Release|x86.Build.0 = Release|Any CPU
		{B5E292A8-E6A0-4E59-BE09-FCECEFB601ED}.Debug|Any CPU.ActiveCfg = Debug|Any CPU
		{B5E292A8-E6A0-4E59-BE09-FCECEFB601ED}.Debug|Any CPU.Build.0 = Debug|Any CPU
		{B5E292A8-E6A0-4E59-BE09-FCECEFB601ED}.Debug|x64.ActiveCfg = Debug|Any CPU
		{B5E292A8-E6A0-4E59-BE09-FCECEFB601ED}.Debug|x64.Build.0 = Debug|Any CPU
		{B5E292A8-E6A0-4E59-BE09-FCECEFB601ED}.Debug|x86.ActiveCfg = Debug|Any CPU
		{B5E292A8-E6A0-4E59-BE09-FCECEFB601ED}.Debug|x86.Build.0 = Debug|Any CPU
		{B5E292A8-E6A0-4E59-BE09-FCECEFB601ED}.Release|Any CPU.ActiveCfg = Release|Any CPU
		{B5E292A8-E6A0-4E59-BE09-FCECEFB601ED}.Release|Any CPU.Build.0 = Release|Any CPU
		{B5E292A8-E6A0-4E59-BE09-FCECEFB601ED}.Release|x64.ActiveCfg = Release|Any CPU
		{B5E292A8-E6A0-4E59-BE09-FCECEFB601ED}.Release|x64.Build.0 = Release|Any CPU
		{B5E292A8-E6A0-4E59-BE09-FCECEFB601ED}.Release|x86.ActiveCfg = Release|Any CPU
		{B5E292A8-E6A0-4E59-BE09-FCECEFB601ED}.Release|x86.Build.0 = Release|Any CPU
	EndGlobalSection
	GlobalSection(SolutionProperties) = preSolution
		HideSolutionNode = FALSE
	EndGlobalSection
	GlobalSection(NestedProjects) = preSolution
		{42A22CD3-EBF3-467F-9524-07765DBA1BEB} = {827E0CD3-B72D-47B6-A68D-7590B98EB39B}
		{24C7D274-6AD8-4819-9AA7-38D11C7E1BB0} = {827E0CD3-B72D-47B6-A68D-7590B98EB39B}
		{FFDDA9BC-1026-443D-B165-D3A1F13CDCFC} = {827E0CD3-B72D-47B6-A68D-7590B98EB39B}
		{633A6E97-D6C4-4986-AD19-EB1CB305DE47} = {827E0CD3-B72D-47B6-A68D-7590B98EB39B}
		{6B90DA61-8354-45AE-8198-39F9B86039E9} = {827E0CD3-B72D-47B6-A68D-7590B98EB39B}
		{A7587694-A9EC-48FD-8733-EEDD51051E6F} = {827E0CD3-B72D-47B6-A68D-7590B98EB39B}
		{9483A98F-5DF9-4717-A679-00A64486A2DA} = {827E0CD3-B72D-47B6-A68D-7590B98EB39B}
		{B5E292A8-E6A0-4E59-BE09-FCECEFB601ED} = {827E0CD3-B72D-47B6-A68D-7590B98EB39B}
	EndGlobalSection
EndGlobal
